PODS:
  - Alamofire (4.4.0)
  - Bolts (1.8.4):
    - Bolts/AppLinks (= 1.8.4)
    - Bolts/Tasks (= 1.8.4)
  - Bolts/AppLinks (1.8.4):
    - Bolts/Tasks
  - Bolts/Tasks (1.8.4)
  - DACircularProgress (2.3.1)
  - ESPullToRefresh (2.6)
  - FBSDKCoreKit (4.22.0):
    - Bolts (~> 1.7)
  - FBSDKLoginKit (4.22.0):
    - FBSDKCoreKit
  - HockeySDK (4.1.4):
    - HockeySDK/DefaultLib (= 4.1.4)
  - HockeySDK/DefaultLib (4.1.4)
  - ImageEffects (1.0.0)
  - MBProgressHUD (0.9.2)
  - ModelMapper (6.0.0)
  - MWPhotoBrowser (2.1.2):
    - DACircularProgress (~> 2.3)
    - MBProgressHUD (~> 0.9)
    - SDWebImage (!= 3.7.2, ~> 3.7)
  - SDWebImage (3.8.2):
    - SDWebImage/Core (= 3.8.2)
  - SDWebImage/Core (3.8.2)

DEPENDENCIES:
  - Alamofire (~> 4.4)
  - ESPullToRefresh (~> 2.6)
  - FBSDKCoreKit (~> 4.22)
  - FBSDKLoginKit (~> 4.22)
  - HockeySDK (~> 4.1)
  - ImageEffects (~> 1.0)
  - ModelMapper (~> 6.0)
  - MWPhotoBrowser (from `https://github.com/m-chojnacki/MWPhotoBrowser.git`, branch `fork`)

EXTERNAL SOURCES:
  MWPhotoBrowser:
    :branch: fork
    :git: https://github.com/m-chojnacki/MWPhotoBrowser.git

CHECKOUT OPTIONS:
  MWPhotoBrowser:
    :commit: 90bd754175fef6fbb2644c4f67fffabc04adbf17
    :git: https://github.com/m-chojnacki/MWPhotoBrowser.git

SPEC CHECKSUMS:
  Alamofire: dc44b1600b800eb63da6a19039a0083d62a6a62d
  Bolts: 8a7995239dbe724f9cba2248b766d48b7ebdd322
  DACircularProgress: 4dd437c0fc3da5161cb289e07ac449493d41db71
  ESPullToRefresh: 85f4990acf87f78c6a1466bbbee7a75d7de24db9
  FBSDKCoreKit: c693bad19feb225469eeff14452ba364522ee48b
  FBSDKLoginKit: 1fa529fc622d7b32ebeaffbecd377180833c6d30
  HockeySDK: 78a3f8bb9100277b531defc56c970369a3ca267a
  ImageEffects: 6f92f55ae12c4010642f84dcc2d7e21246666cf9
  MBProgressHUD: 1569cf7ace17a8bac47aabfbb8580a49690386d1
  ModelMapper: 3596a82f26c43491f6a8d3a00bcdba6ba0e62a93
  MWPhotoBrowser: 5836d7aa041dc05a13de380c246826578adc5ea5
  SDWebImage: 098e97e6176540799c27e804c96653ee0833d13c

PODFILE CHECKSUM: 5babd01016e40baf5c7c98d99d90ef197523f3f9

COCOAPODS: 1.2.0
