// !$*UTF8*$!
{
	archiveVersion = 1;
	classes = {
	};
	objectVersion = 46;
	objects = {

/* Begin PBXBuildFile section */
		A603BB8FB972616540054F38 /* Pods_LetSwift.framework in Frameworks */ = {isa = PBXBuildFile; fileRef = FFC6B3F4F394D64FCA296C53 /* Pods_LetSwift.framework */; };
		D32A76C81E9B9A4600388222 /* Localizable.strings in Resources */ = {isa = PBXBuildFile; fileRef = D32A76C21E9B9A4600388222 /* Localizable.strings */; };
		D32A76C91E9B9A4600388222 /* get_localizables.py in Resources */ = {isa = PBXBuildFile; fileRef = D32A76C61E9B9A4600388222 /* get_localizables.py */; };
		D32A76CC1E9B9B5C00388222 /* Localization.swift in Sources */ = {isa = PBXBuildFile; fileRef = D32A76CB1E9B9B5C00388222 /* Localization.swift */; };
		D33C4A291E9CD6320052E793 /* Localizable.swift in Sources */ = {isa = PBXBuildFile; fileRef = D33C4A281E9CD6320052E793 /* Localizable.swift */; };
		D38B14BA1E9F6AD0009EA346 /* OnboardingCardView.swift in Sources */ = {isa = PBXBuildFile; fileRef = D38B14B91E9F6AD0009EA346 /* OnboardingCardView.swift */; };
		D38B14BC1E9F6AEC009EA346 /* OnboardingCardView.xib in Resources */ = {isa = PBXBuildFile; fileRef = D38B14BB1E9F6AEC009EA346 /* OnboardingCardView.xib */; };
		D38B14BE1E9F6C62009EA346 /* DesignableView.swift in Sources */ = {isa = PBXBuildFile; fileRef = D38B14BD1E9F6C62009EA346 /* DesignableView.swift */; };
		D39A734C1E9776D900F10620 /* AppDelegate.swift in Sources */ = {isa = PBXBuildFile; fileRef = D39A734B1E9776D900F10620 /* AppDelegate.swift */; };
		D39A73531E9776D900F10620 /* Assets.xcassets in Resources */ = {isa = PBXBuildFile; fileRef = D39A73521E9776D900F10620 /* Assets.xcassets */; };
		D39A73561E9776D900F10620 /* LaunchScreen.storyboard in Resources */ = {isa = PBXBuildFile; fileRef = D39A73541E9776D900F10620 /* LaunchScreen.storyboard */; };
		D3FF3F871E9F4E5500501F44 /* MultiSizeConstraint.swift in Sources */ = {isa = PBXBuildFile; fileRef = D3FF3F861E9F4E5500501F44 /* MultiSizeConstraint.swift */; };
		D3FF3F8A1E9F51F100501F44 /* OnboardingViewController.swift in Sources */ = {isa = PBXBuildFile; fileRef = D3FF3F881E9F51F100501F44 /* OnboardingViewController.swift */; };
		D3FF3F8B1E9F51F100501F44 /* OnboardingViewController.xib in Resources */ = {isa = PBXBuildFile; fileRef = D3FF3F891E9F51F100501F44 /* OnboardingViewController.xib */; };
		D3FF3F8E1E9F540F00501F44 /* OnboardingViewControllerViewModel.swift in Sources */ = {isa = PBXBuildFile; fileRef = D3FF3F8D1E9F540F00501F44 /* OnboardingViewControllerViewModel.swift */; };
		D3FF3F901E9F577B00501F44 /* Coordinator.swift in Sources */ = {isa = PBXBuildFile; fileRef = D3FF3F8F1E9F577B00501F44 /* Coordinator.swift */; };
		D3FF3F921E9F57DE00501F44 /* AppCoordinator.swift in Sources */ = {isa = PBXBuildFile; fileRef = D3FF3F911E9F57DE00501F44 /* AppCoordinator.swift */; };
		D3FF3F971E9F5E3400501F44 /* Observable.swift in Sources */ = {isa = PBXBuildFile; fileRef = D3FF3F961E9F5E3400501F44 /* Observable.swift */; };
		D3FF3F991E9F5E5B00501F44 /* UIColorExtension.swift in Sources */ = {isa = PBXBuildFile; fileRef = D3FF3F981E9F5E5B00501F44 /* UIColorExtension.swift */; };
/* End PBXBuildFile section */

/* Begin PBXFileReference section */
		5F748390374E55AA573ACE05 /* Pods-LetSwift.release.xcconfig */ = {isa = PBXFileReference; includeInIndex = 1; lastKnownFileType = text.xcconfig; name = "Pods-LetSwift.release.xcconfig"; path = "Pods/Target Support Files/Pods-LetSwift/Pods-LetSwift.release.xcconfig"; sourceTree = "<group>"; };
		618FA81529F5BC206C52AC24 /* Pods-LetSwift.debug.xcconfig */ = {isa = PBXFileReference; includeInIndex = 1; lastKnownFileType = text.xcconfig; name = "Pods-LetSwift.debug.xcconfig"; path = "Pods/Target Support Files/Pods-LetSwift/Pods-LetSwift.debug.xcconfig"; sourceTree = "<group>"; };
		D32A76C31E9B9A4600388222 /* en */ = {isa = PBXFileReference; lastKnownFileType = text.plist.strings; name = en; path = en.lproj/Localizable.strings; sourceTree = "<group>"; };
		D32A76C41E9B9A4600388222 /* pl */ = {isa = PBXFileReference; lastKnownFileType = text.plist.strings; name = pl; path = pl.lproj/Localizable.strings; sourceTree = "<group>"; };
		D32A76C61E9B9A4600388222 /* get_localizables.py */ = {isa = PBXFileReference; fileEncoding = 4; lastKnownFileType = text.script.python; path = get_localizables.py; sourceTree = "<group>"; };
		D32A76CB1E9B9B5C00388222 /* Localization.swift */ = {isa = PBXFileReference; fileEncoding = 4; lastKnownFileType = sourcecode.swift; path = Localization.swift; sourceTree = "<group>"; };
		D33C4A281E9CD6320052E793 /* Localizable.swift */ = {isa = PBXFileReference; fileEncoding = 4; lastKnownFileType = sourcecode.swift; path = Localizable.swift; sourceTree = "<group>"; };
		D38B14B91E9F6AD0009EA346 /* OnboardingCardView.swift */ = {isa = PBXFileReference; fileEncoding = 4; lastKnownFileType = sourcecode.swift; path = OnboardingCardView.swift; sourceTree = "<group>"; };
		D38B14BB1E9F6AEC009EA346 /* OnboardingCardView.xib */ = {isa = PBXFileReference; fileEncoding = 4; lastKnownFileType = file.xib; path = OnboardingCardView.xib; sourceTree = "<group>"; };
		D38B14BD1E9F6C62009EA346 /* DesignableView.swift */ = {isa = PBXFileReference; fileEncoding = 4; lastKnownFileType = sourcecode.swift; path = DesignableView.swift; sourceTree = "<group>"; };
		D39A73481E9776D900F10620 /* LetSwift.app */ = {isa = PBXFileReference; explicitFileType = wrapper.application; includeInIndex = 0; path = LetSwift.app; sourceTree = BUILT_PRODUCTS_DIR; };
		D39A734B1E9776D900F10620 /* AppDelegate.swift */ = {isa = PBXFileReference; lastKnownFileType = sourcecode.swift; path = AppDelegate.swift; sourceTree = "<group>"; };
		D39A73521E9776D900F10620 /* Assets.xcassets */ = {isa = PBXFileReference; lastKnownFileType = folder.assetcatalog; path = Assets.xcassets; sourceTree = "<group>"; };
		D39A73551E9776D900F10620 /* Base */ = {isa = PBXFileReference; lastKnownFileType = file.storyboard; name = Base; path = Base.lproj/LaunchScreen.storyboard; sourceTree = "<group>"; };
		D39A73571E9776D900F10620 /* Info.plist */ = {isa = PBXFileReference; lastKnownFileType = text.plist.xml; path = Info.plist; sourceTree = "<group>"; };
		D3FF3F861E9F4E5500501F44 /* MultiSizeConstraint.swift */ = {isa = PBXFileReference; fileEncoding = 4; lastKnownFileType = sourcecode.swift; path = MultiSizeConstraint.swift; sourceTree = "<group>"; };
		D3FF3F881E9F51F100501F44 /* OnboardingViewController.swift */ = {isa = PBXFileReference; fileEncoding = 4; lastKnownFileType = sourcecode.swift; path = OnboardingViewController.swift; sourceTree = "<group>"; };
		D3FF3F891E9F51F100501F44 /* OnboardingViewController.xib */ = {isa = PBXFileReference; fileEncoding = 4; lastKnownFileType = file.xib; path = OnboardingViewController.xib; sourceTree = "<group>"; };
		D3FF3F8D1E9F540F00501F44 /* OnboardingViewControllerViewModel.swift */ = {isa = PBXFileReference; fileEncoding = 4; lastKnownFileType = sourcecode.swift; path = OnboardingViewControllerViewModel.swift; sourceTree = "<group>"; };
		D3FF3F8F1E9F577B00501F44 /* Coordinator.swift */ = {isa = PBXFileReference; fileEncoding = 4; lastKnownFileType = sourcecode.swift; path = Coordinator.swift; sourceTree = "<group>"; };
		D3FF3F911E9F57DE00501F44 /* AppCoordinator.swift */ = {isa = PBXFileReference; fileEncoding = 4; lastKnownFileType = sourcecode.swift; path = AppCoordinator.swift; sourceTree = "<group>"; };
		D3FF3F961E9F5E3400501F44 /* Observable.swift */ = {isa = PBXFileReference; fileEncoding = 4; lastKnownFileType = sourcecode.swift; path = Observable.swift; sourceTree = "<group>"; };
		D3FF3F981E9F5E5B00501F44 /* UIColorExtension.swift */ = {isa = PBXFileReference; fileEncoding = 4; lastKnownFileType = sourcecode.swift; path = UIColorExtension.swift; sourceTree = "<group>"; };
		FFC6B3F4F394D64FCA296C53 /* Pods_LetSwift.framework */ = {isa = PBXFileReference; explicitFileType = wrapper.framework; includeInIndex = 0; path = Pods_LetSwift.framework; sourceTree = BUILT_PRODUCTS_DIR; };
/* End PBXFileReference section */

/* Begin PBXFrameworksBuildPhase section */
		D39A73451E9776D900F10620 /* Frameworks */ = {
			isa = PBXFrameworksBuildPhase;
			buildActionMask = 2147483647;
			files = (
				A603BB8FB972616540054F38 /* Pods_LetSwift.framework in Frameworks */,
			);
			runOnlyForDeploymentPostprocessing = 0;
		};
/* End PBXFrameworksBuildPhase section */

/* Begin PBXGroup section */
		1A86DDB4F4F54CB551A9D401 /* Pods */ = {
			isa = PBXGroup;
			children = (
				618FA81529F5BC206C52AC24 /* Pods-LetSwift.debug.xcconfig */,
				5F748390374E55AA573ACE05 /* Pods-LetSwift.release.xcconfig */,
			);
			name = Pods;
			sourceTree = "<group>";
		};
		7EECA5A11E9B52C400B3F724 /* ApplicationViewControllers */ = {
			isa = PBXGroup;
			children = (
				D3337CB91E9E0D1100746A50 /* Onboarding */,
			);
			path = ApplicationViewControllers;
			sourceTree = "<group>";
		};
		7EECA5A31E9B572500B3F724 /* Coordinators */ = {
			isa = PBXGroup;
			children = (
				D3FF3F8F1E9F577B00501F44 /* Coordinator.swift */,
				D3FF3F911E9F57DE00501F44 /* AppCoordinator.swift */,
			);
			path = Coordinators;
			sourceTree = "<group>";
		};
		7EECA5A71E9B5E8600B3F724 /* Enums */ = {
			isa = PBXGroup;
			children = (
			);
			path = Enums;
			sourceTree = "<group>";
		};
		7EECA5A81E9B5E9B00B3F724 /* GenericViewControllers */ = {
			isa = PBXGroup;
			children = (
			);
			path = GenericViewControllers;
			sourceTree = "<group>";
		};
		7EECA5A91E9B5EB300B3F724 /* GenericViews */ = {
			isa = PBXGroup;
			children = (
				D38B14BD1E9F6C62009EA346 /* DesignableView.swift */,
			);
			path = GenericViews;
			sourceTree = "<group>";
		};
		7EECA5AA1E9B5EC500B3F724 /* Helpers */ = {
			isa = PBXGroup;
			children = (
				D3FF3F931E9F5DD200501F44 /* Extensions */,
				D32A76CB1E9B9B5C00388222 /* Localization.swift */,
				D3FF3F861E9F4E5500501F44 /* MultiSizeConstraint.swift */,
				D3FF3F961E9F5E3400501F44 /* Observable.swift */,
			);
			path = Helpers;
			sourceTree = "<group>";
		};
		7EECA5AB1E9B5ED900B3F724 /* Network */ = {
			isa = PBXGroup;
			children = (
			);
			path = Network;
			sourceTree = "<group>";
		};
		7EECA5AC1E9B5EEB00B3F724 /* Models */ = {
			isa = PBXGroup;
			children = (
			);
			path = Models;
			sourceTree = "<group>";
		};
		7EECA5AD1E9B5EF900B3F724 /* Protocols */ = {
			isa = PBXGroup;
			children = (
				D33C4A281E9CD6320052E793 /* Localizable.swift */,
			);
			path = Protocols;
			sourceTree = "<group>";
		};
		C5A0D5FC67682B06B2AAF7D2 /* Frameworks */ = {
			isa = PBXGroup;
			children = (
				FFC6B3F4F394D64FCA296C53 /* Pods_LetSwift.framework */,
			);
			name = Frameworks;
			sourceTree = "<group>";
		};
		D32A76C01E9B9A4600388222 /* Resources */ = {
			isa = PBXGroup;
			children = (
				D32A76C51E9B9A4600388222 /* Scripts */,
				D32A76C21E9B9A4600388222 /* Localizable.strings */,
			);
			path = Resources;
			sourceTree = "<group>";
		};
		D32A76C51E9B9A4600388222 /* Scripts */ = {
			isa = PBXGroup;
			children = (
				D32A76C61E9B9A4600388222 /* get_localizables.py */,
			);
			path = Scripts;
			sourceTree = "<group>";
		};
		D3337CB91E9E0D1100746A50 /* Onboarding */ = {
			isa = PBXGroup;
			children = (
				D38B14B81E9F6A6A009EA346 /* Views */,
				D3FF3F8C1E9F540F00501F44 /* ViewModels */,
				D3FF3F881E9F51F100501F44 /* OnboardingViewController.swift */,
				D3FF3F891E9F51F100501F44 /* OnboardingViewController.xib */,
			);
			path = Onboarding;
			sourceTree = "<group>";
		};
		D38B14B81E9F6A6A009EA346 /* Views */ = {
			isa = PBXGroup;
			children = (
				D38B14B91E9F6AD0009EA346 /* OnboardingCardView.swift */,
				D38B14BB1E9F6AEC009EA346 /* OnboardingCardView.xib */,
			);
			path = Views;
			sourceTree = "<group>";
		};
		D39A733F1E9776D900F10620 = {
			isa = PBXGroup;
			children = (
				D39A734A1E9776D900F10620 /* LetSwift */,
				D39A73491E9776D900F10620 /* Products */,
				1A86DDB4F4F54CB551A9D401 /* Pods */,
				C5A0D5FC67682B06B2AAF7D2 /* Frameworks */,
			);
			sourceTree = "<group>";
		};
		D39A73491E9776D900F10620 /* Products */ = {
			isa = PBXGroup;
			children = (
				D39A73481E9776D900F10620 /* LetSwift.app */,
			);
			name = Products;
			sourceTree = "<group>";
		};
		D39A734A1E9776D900F10620 /* LetSwift */ = {
			isa = PBXGroup;
			children = (
				7EECA5A11E9B52C400B3F724 /* ApplicationViewControllers */,
				7EECA5A31E9B572500B3F724 /* Coordinators */,
				7EECA5A71E9B5E8600B3F724 /* Enums */,
				7EECA5A81E9B5E9B00B3F724 /* GenericViewControllers */,
				7EECA5A91E9B5EB300B3F724 /* GenericViews */,
				7EECA5AA1E9B5EC500B3F724 /* Helpers */,
				7EECA5AB1E9B5ED900B3F724 /* Network */,
				7EECA5AC1E9B5EEB00B3F724 /* Models */,
				7EECA5AD1E9B5EF900B3F724 /* Protocols */,
				D32A76C01E9B9A4600388222 /* Resources */,
				D39A73571E9776D900F10620 /* Info.plist */,
				D39A734B1E9776D900F10620 /* AppDelegate.swift */,
				D39A73521E9776D900F10620 /* Assets.xcassets */,
				D39A73541E9776D900F10620 /* LaunchScreen.storyboard */,
			);
			path = LetSwift;
			sourceTree = "<group>";
		};
		D3FF3F8C1E9F540F00501F44 /* ViewModels */ = {
			isa = PBXGroup;
			children = (
				D3FF3F8D1E9F540F00501F44 /* OnboardingViewControllerViewModel.swift */,
			);
			path = ViewModels;
			sourceTree = "<group>";
		};
		D3FF3F931E9F5DD200501F44 /* Extensions */ = {
			isa = PBXGroup;
			children = (
				D3FF3F981E9F5E5B00501F44 /* UIColorExtension.swift */,
			);
			path = Extensions;
			sourceTree = "<group>";
		};
/* End PBXGroup section */

/* Begin PBXNativeTarget section */
		D39A73471E9776D900F10620 /* LetSwift */ = {
			isa = PBXNativeTarget;
			buildConfigurationList = D39A735A1E9776D900F10620 /* Build configuration list for PBXNativeTarget "LetSwift" */;
			buildPhases = (
				55C950299D3F1E49CA4A2669 /* [CP] Check Pods Manifest.lock */,
				D32A76CA1E9B9A7500388222 /* ShellScript */,
				D39A73441E9776D900F10620 /* Sources */,
				D39A73451E9776D900F10620 /* Frameworks */,
				D39A73461E9776D900F10620 /* Resources */,
				5A3623B87DCCF47186237207 /* [CP] Embed Pods Frameworks */,
				10876692B5C005622AB3BCC3 /* [CP] Copy Pods Resources */,
			);
			buildRules = (
			);
			dependencies = (
			);
			name = LetSwift;
			productName = LetSwift;
			productReference = D39A73481E9776D900F10620 /* LetSwift.app */;
			productType = "com.apple.product-type.application";
		};
/* End PBXNativeTarget section */

/* Begin PBXProject section */
		D39A73401E9776D900F10620 /* Project object */ = {
			isa = PBXProject;
			attributes = {
				LastSwiftUpdateCheck = 0830;
				LastUpgradeCheck = 0830;
				ORGANIZATIONNAME = "Droids On Roids";
				TargetAttributes = {
					D39A73471E9776D900F10620 = {
						CreatedOnToolsVersion = 8.3;
						DevelopmentTeam = URYNPG7RQE;
						ProvisioningStyle = Automatic;
					};
				};
			};
			buildConfigurationList = D39A73431E9776D900F10620 /* Build configuration list for PBXProject "LetSwift" */;
			compatibilityVersion = "Xcode 3.2";
			developmentRegion = English;
			hasScannedForEncodings = 0;
			knownRegions = (
				en,
				Base,
				pl,
			);
			mainGroup = D39A733F1E9776D900F10620;
			productRefGroup = D39A73491E9776D900F10620 /* Products */;
			projectDirPath = "";
			projectRoot = "";
			targets = (
				D39A73471E9776D900F10620 /* LetSwift */,
			);
		};
/* End PBXProject section */

/* Begin PBXResourcesBuildPhase section */
		D39A73461E9776D900F10620 /* Resources */ = {
			isa = PBXResourcesBuildPhase;
			buildActionMask = 2147483647;
			files = (
				D32A76C81E9B9A4600388222 /* Localizable.strings in Resources */,
				D39A73561E9776D900F10620 /* LaunchScreen.storyboard in Resources */,
				D32A76C91E9B9A4600388222 /* get_localizables.py in Resources */,
				D38B14BC1E9F6AEC009EA346 /* OnboardingCardView.xib in Resources */,
				D39A73531E9776D900F10620 /* Assets.xcassets in Resources */,
				D3FF3F8B1E9F51F100501F44 /* OnboardingViewController.xib in Resources */,
			);
			runOnlyForDeploymentPostprocessing = 0;
		};
/* End PBXResourcesBuildPhase section */

/* Begin PBXShellScriptBuildPhase section */
		10876692B5C005622AB3BCC3 /* [CP] Copy Pods Resources */ = {
			isa = PBXShellScriptBuildPhase;
			buildActionMask = 2147483647;
			files = (
			);
			inputPaths = (
			);
			name = "[CP] Copy Pods Resources";
			outputPaths = (
			);
			runOnlyForDeploymentPostprocessing = 0;
			shellPath = /bin/sh;
			shellScript = "\"${SRCROOT}/Pods/Target Support Files/Pods-LetSwift/Pods-LetSwift-resources.sh\"\n";
			showEnvVarsInLog = 0;
		};
		55C950299D3F1E49CA4A2669 /* [CP] Check Pods Manifest.lock */ = {
			isa = PBXShellScriptBuildPhase;
			buildActionMask = 2147483647;
			files = (
			);
			inputPaths = (
			);
			name = "[CP] Check Pods Manifest.lock";
			outputPaths = (
			);
			runOnlyForDeploymentPostprocessing = 0;
			shellPath = /bin/sh;
			shellScript = "diff \"${PODS_ROOT}/../Podfile.lock\" \"${PODS_ROOT}/Manifest.lock\" > /dev/null\nif [ $? != 0 ] ; then\n    # print error to STDERR\n    echo \"error: The sandbox is not in sync with the Podfile.lock. Run 'pod install' or update your CocoaPods installation.\" >&2\n    exit 1\nfi\n";
			showEnvVarsInLog = 0;
		};
		5A3623B87DCCF47186237207 /* [CP] Embed Pods Frameworks */ = {
			isa = PBXShellScriptBuildPhase;
			buildActionMask = 2147483647;
			files = (
			);
			inputPaths = (
			);
			name = "[CP] Embed Pods Frameworks";
			outputPaths = (
			);
			runOnlyForDeploymentPostprocessing = 0;
			shellPath = /bin/sh;
			shellScript = "\"${SRCROOT}/Pods/Target Support Files/Pods-LetSwift/Pods-LetSwift-frameworks.sh\"\n";
			showEnvVarsInLog = 0;
		};
		D32A76CA1E9B9A7500388222 /* ShellScript */ = {
			isa = PBXShellScriptBuildPhase;
			buildActionMask = 2147483647;
			files = (
			);
			inputPaths = (
			);
			outputPaths = (
			);
			runOnlyForDeploymentPostprocessing = 0;
			shellPath = /bin/sh;
			shellScript = "python LetSwift/Resources/Scripts/get_localizables.py";
		};
/* End PBXShellScriptBuildPhase section */

/* Begin PBXSourcesBuildPhase section */
		D39A73441E9776D900F10620 /* Sources */ = {
			isa = PBXSourcesBuildPhase;
			buildActionMask = 2147483647;
			files = (
				D3FF3F901E9F577B00501F44 /* Coordinator.swift in Sources */,
				D38B14BA1E9F6AD0009EA346 /* OnboardingCardView.swift in Sources */,
				D39A734C1E9776D900F10620 /* AppDelegate.swift in Sources */,
				D3FF3F871E9F4E5500501F44 /* MultiSizeConstraint.swift in Sources */,
				D3FF3F8A1E9F51F100501F44 /* OnboardingViewController.swift in Sources */,
				D33C4A291E9CD6320052E793 /* Localizable.swift in Sources */,
				D3FF3F971E9F5E3400501F44 /* Observable.swift in Sources */,
				D3FF3F921E9F57DE00501F44 /* AppCoordinator.swift in Sources */,
				D38B14BE1E9F6C62009EA346 /* DesignableView.swift in Sources */,
				D3FF3F991E9F5E5B00501F44 /* UIColorExtension.swift in Sources */,
				D32A76CC1E9B9B5C00388222 /* Localization.swift in Sources */,
				D3FF3F8E1E9F540F00501F44 /* OnboardingViewControllerViewModel.swift in Sources */,
			);
			runOnlyForDeploymentPostprocessing = 0;
		};
/* End PBXSourcesBuildPhase section */

/* Begin PBXVariantGroup section */
		D32A76C21E9B9A4600388222 /* Localizable.strings */ = {
			isa = PBXVariantGroup;
			children = (
				D32A76C31E9B9A4600388222 /* en */,
				D32A76C41E9B9A4600388222 /* pl */,
			);
			name = Localizable.strings;
			sourceTree = "<group>";
		};
		D39A73541E9776D900F10620 /* LaunchScreen.storyboard */ = {
			isa = PBXVariantGroup;
			children = (
				D39A73551E9776D900F10620 /* Base */,
			);
			name = LaunchScreen.storyboard;
			sourceTree = "<group>";
		};
/* End PBXVariantGroup section */

/* Begin XCBuildConfiguration section */
		D39A73581E9776D900F10620 /* Debug */ = {
			isa = XCBuildConfiguration;
			buildSettings = {
				ALWAYS_SEARCH_USER_PATHS = NO;
				CLANG_ANALYZER_NONNULL = YES;
				CLANG_ANALYZER_NUMBER_OBJECT_CONVERSION = YES_AGGRESSIVE;
				CLANG_CXX_LANGUAGE_STANDARD = "gnu++0x";
				CLANG_CXX_LIBRARY = "libc++";
				CLANG_ENABLE_MODULES = YES;
				CLANG_ENABLE_OBJC_ARC = YES;
				CLANG_WARN_BOOL_CONVERSION = YES;
				CLANG_WARN_CONSTANT_CONVERSION = YES;
				CLANG_WARN_DIRECT_OBJC_ISA_USAGE = YES_ERROR;
				CLANG_WARN_DOCUMENTATION_COMMENTS = YES;
				CLANG_WARN_EMPTY_BODY = YES;
				CLANG_WARN_ENUM_CONVERSION = YES;
				CLANG_WARN_INFINITE_RECURSION = YES;
				CLANG_WARN_INT_CONVERSION = YES;
				CLANG_WARN_OBJC_ROOT_CLASS = YES_ERROR;
				CLANG_WARN_SUSPICIOUS_MOVE = YES;
				CLANG_WARN_UNREACHABLE_CODE = YES;
				CLANG_WARN__DUPLICATE_METHOD_MATCH = YES;
				"CODE_SIGN_IDENTITY[sdk=iphoneos*]" = "iPhone Developer";
				COPY_PHASE_STRIP = NO;
				DEBUG_INFORMATION_FORMAT = dwarf;
				ENABLE_STRICT_OBJC_MSGSEND = YES;
				ENABLE_TESTABILITY = YES;
				GCC_C_LANGUAGE_STANDARD = gnu99;
				GCC_DYNAMIC_NO_PIC = NO;
				GCC_NO_COMMON_BLOCKS = YES;
				GCC_OPTIMIZATION_LEVEL = 0;
				GCC_PREPROCESSOR_DEFINITIONS = (
					"DEBUG=1",
					"$(inherited)",
				);
				GCC_WARN_64_TO_32_BIT_CONVERSION = YES;
				GCC_WARN_ABOUT_RETURN_TYPE = YES_ERROR;
				GCC_WARN_UNDECLARED_SELECTOR = YES;
				GCC_WARN_UNINITIALIZED_AUTOS = YES_AGGRESSIVE;
				GCC_WARN_UNUSED_FUNCTION = YES;
				GCC_WARN_UNUSED_VARIABLE = YES;
				IPHONEOS_DEPLOYMENT_TARGET = 10.3;
				MTL_ENABLE_DEBUG_INFO = YES;
				ONLY_ACTIVE_ARCH = YES;
				SDKROOT = iphoneos;
				SWIFT_ACTIVE_COMPILATION_CONDITIONS = DEBUG;
				SWIFT_OPTIMIZATION_LEVEL = "-Onone";
			};
			name = Debug;
		};
		D39A73591E9776D900F10620 /* Release */ = {
			isa = XCBuildConfiguration;
			buildSettings = {
				ALWAYS_SEARCH_USER_PATHS = NO;
				CLANG_ANALYZER_NONNULL = YES;
				CLANG_ANALYZER_NUMBER_OBJECT_CONVERSION = YES_AGGRESSIVE;
				CLANG_CXX_LANGUAGE_STANDARD = "gnu++0x";
				CLANG_CXX_LIBRARY = "libc++";
				CLANG_ENABLE_MODULES = YES;
				CLANG_ENABLE_OBJC_ARC = YES;
				CLANG_WARN_BOOL_CONVERSION = YES;
				CLANG_WARN_CONSTANT_CONVERSION = YES;
				CLANG_WARN_DIRECT_OBJC_ISA_USAGE = YES_ERROR;
				CLANG_WARN_DOCUMENTATION_COMMENTS = YES;
				CLANG_WARN_EMPTY_BODY = YES;
				CLANG_WARN_ENUM_CONVERSION = YES;
				CLANG_WARN_INFINITE_RECURSION = YES;
				CLANG_WARN_INT_CONVERSION = YES;
				CLANG_WARN_OBJC_ROOT_CLASS = YES_ERROR;
				CLANG_WARN_SUSPICIOUS_MOVE = YES;
				CLANG_WARN_UNREACHABLE_CODE = YES;
				CLANG_WARN__DUPLICATE_METHOD_MATCH = YES;
				"CODE_SIGN_IDENTITY[sdk=iphoneos*]" = "iPhone Developer";
				COPY_PHASE_STRIP = NO;
				DEBUG_INFORMATION_FORMAT = "dwarf-with-dsym";
				ENABLE_NS_ASSERTIONS = NO;
				ENABLE_STRICT_OBJC_MSGSEND = YES;
				GCC_C_LANGUAGE_STANDARD = gnu99;
				GCC_NO_COMMON_BLOCKS = YES;
				GCC_WARN_64_TO_32_BIT_CONVERSION = YES;
				GCC_WARN_ABOUT_RETURN_TYPE = YES_ERROR;
				GCC_WARN_UNDECLARED_SELECTOR = YES;
				GCC_WARN_UNINITIALIZED_AUTOS = YES_AGGRESSIVE;
				GCC_WARN_UNUSED_FUNCTION = YES;
				GCC_WARN_UNUSED_VARIABLE = YES;
				IPHONEOS_DEPLOYMENT_TARGET = 10.3;
				MTL_ENABLE_DEBUG_INFO = NO;
				SDKROOT = iphoneos;
				SWIFT_OPTIMIZATION_LEVEL = "-Owholemodule";
				VALIDATE_PRODUCT = YES;
			};
			name = Release;
		};
		D39A735B1E9776D900F10620 /* Debug */ = {
			isa = XCBuildConfiguration;
			baseConfigurationReference = 618FA81529F5BC206C52AC24 /* Pods-LetSwift.debug.xcconfig */;
			buildSettings = {
				ASSETCATALOG_COMPILER_APPICON_NAME = AppIcon;
				DEVELOPMENT_TEAM = URYNPG7RQE;
				INFOPLIST_FILE = LetSwift/Info.plist;
				IPHONEOS_DEPLOYMENT_TARGET = 9.0;
				LD_RUNPATH_SEARCH_PATHS = "$(inherited) @executable_path/Frameworks";
				PRODUCT_BUNDLE_IDENTIFIER = com.droidsonroids.LetSwift;
				PRODUCT_NAME = "$(TARGET_NAME)";
				SWIFT_VERSION = 3.0;
			};
			name = Debug;
		};
		D39A735C1E9776D900F10620 /* Release */ = {
			isa = XCBuildConfiguration;
			baseConfigurationReference = 5F748390374E55AA573ACE05 /* Pods-LetSwift.release.xcconfig */;
			buildSettings = {
				ASSETCATALOG_COMPILER_APPICON_NAME = AppIcon;
				DEVELOPMENT_TEAM = URYNPG7RQE;
				INFOPLIST_FILE = LetSwift/Info.plist;
				IPHONEOS_DEPLOYMENT_TARGET = 9.0;
				LD_RUNPATH_SEARCH_PATHS = "$(inherited) @executable_path/Frameworks";
				PRODUCT_BUNDLE_IDENTIFIER = com.droidsonroids.LetSwift;
				PRODUCT_NAME = "$(TARGET_NAME)";
				SWIFT_VERSION = 3.0;
			};
			name = Release;
		};
/* End XCBuildConfiguration section */

/* Begin XCConfigurationList section */
		D39A73431E9776D900F10620 /* Build configuration list for PBXProject "LetSwift" */ = {
			isa = XCConfigurationList;
			buildConfigurations = (
				D39A73581E9776D900F10620 /* Debug */,
				D39A73591E9776D900F10620 /* Release */,
			);
			defaultConfigurationIsVisible = 0;
			defaultConfigurationName = Release;
		};
		D39A735A1E9776D900F10620 /* Build configuration list for PBXNativeTarget "LetSwift" */ = {
			isa = XCConfigurationList;
			buildConfigurations = (
				D39A735B1E9776D900F10620 /* Debug */,
				D39A735C1E9776D900F10620 /* Release */,
			);
			defaultConfigurationIsVisible = 0;
			defaultConfigurationName = Release;
		};
/* End XCConfigurationList section */
	};
	rootObject = D39A73401E9776D900F10620 /* Project object */;
}
